
Microsoft Visual Studio Solution File, Format Version 12.00
# Visual Studio Version 16
VisualStudioVersion = 16.0.30517.126
MinimumVisualStudioVersion = 10.0.40219.1
Project("{FAE04EC0-301F-11D3-BF4B-00C04F79EFBC}") = "RevitCommand001", "RevitCommand\RevitCommand001.csproj", "{3EBFE2FB-7C0F-4612-AF83-3A2B42DD5563}"
EndProject
Global
	GlobalSection(SolutionConfigurationPlatforms) = preSolution
		Debug|Any CPU = Debug|Any CPU
		Release|Any CPU = Release|Any CPU
	EndGlobalSection
	GlobalSection(ProjectConfigurationPlatforms) = postSolution
		{3EBFE2FB-7C0F-4612-AF83-3A2B42DD5563}.Debug|Any CPU.ActiveCfg = Debug|Any CPU
		{3EBFE2FB-7C0F-4612-AF83-3A2B42DD5563}.Debug|Any CPU.Build.0 = Debug|Any CPU
		{3EBFE2FB-7C0F-4612-AF83-3A2B42DD5563}.Release|Any CPU.ActiveCfg = Release|Any CPU
		{3EBFE2FB-7C0F-4612-AF83-3A2B42DD5563}.Release|Any CPU.Build.0 = Release|Any CPU
	EndGlobalSection
	GlobalSection(SolutionProperties) = preSolution
		HideSolutionNode = FALSE
	EndGlobalSection
	GlobalSection(ExtensibilityGlobals) = postSolution
		SolutionGuid = {861BD5FC-CEB2-417A-8DEA-63EDEBD109CD}
	EndGlobalSection
EndGlobal
